
Microsoft Visual Studio Solution File, Format Version 12.00
# Visual Studio Version 16
VisualStudioVersion = 16.0.32802.440
MinimumVisualStudioVersion = 10.0.40219.1
Project("{FAE04EC0-301F-11D3-BF4B-00C04F79EFBC}") = "Catant", "Catant.csproj", "{6A2C7ED8-1811-4A2E-A9A4-14C17F756322}"
EndProject
Global
	GlobalSection(SolutionConfigurationPlatforms) = preSolution
		Debug|Any CPU = Debug|Any CPU
		Release|Any CPU = Release|Any CPU
	EndGlobalSection
	GlobalSection(ProjectConfigurationPlatforms) = postSolution
		{6A2C7ED8-1811-4A2E-A9A4-14C17F756322}.Debug|Any CPU.ActiveCfg = Debug|Any CPU
		{6A2C7ED8-1811-4A2E-A9A4-14C17F756322}.Debug|Any CPU.Build.0 = Debug|Any CPU
		{6A2C7ED8-1811-4A2E-A9A4-14C17F756322}.Release|Any CPU.ActiveCfg = Release|Any CPU
		{6A2C7ED8-1811-4A2E-A9A4-14C17F756322}.Release|Any CPU.Build.0 = Release|Any CPU
	EndGlobalSection
	GlobalSection(SolutionProperties) = preSolution
		HideSolutionNode = FALSE
	EndGlobalSection
	GlobalSection(ExtensibilityGlobals) = postSolution
		SolutionGuid = {3AEC853B-4AD9-4DF6-8992-D397934E6FAD}
	EndGlobalSection
EndGlobal
